
Microsoft Visual Studio Solution File, Format Version 12.00
# Visual Studio Version 16
VisualStudioVersion = 16.0.30413.136
MinimumVisualStudioVersion = 10.0.40219.1
Project("{FAE04EC0-301F-11D3-BF4B-00C04F79EFBC}") = "diagramas de datos y medidas de tendencia central", "diagramas de datos y medidas de tendencia central\diagramas de datos y medidas de tendencia central.csproj", "{A256D626-D5D9-4C6B-B7ED-55FC38131356}"
EndProject
Global
	GlobalSection(SolutionConfigurationPlatforms) = preSolution
		Debug|Any CPU = Debug|Any CPU
		Release|Any CPU = Release|Any CPU
	EndGlobalSection
	GlobalSection(ProjectConfigurationPlatforms) = postSolution
		{A256D626-D5D9-4C6B-B7ED-55FC38131356}.Debug|Any CPU.ActiveCfg = Debug|Any CPU
		{A256D626-D5D9-4C6B-B7ED-55FC38131356}.Debug|Any CPU.Build.0 = Debug|Any CPU
		{A256D626-D5D9-4C6B-B7ED-55FC38131356}.Release|Any CPU.ActiveCfg = Release|Any CPU
		{A256D626-D5D9-4C6B-B7ED-55FC38131356}.Release|Any CPU.Build.0 = Release|Any CPU
	EndGlobalSection
	GlobalSection(SolutionProperties) = preSolution
		HideSolutionNode = FALSE
	EndGlobalSection
	GlobalSection(ExtensibilityGlobals) = postSolution
		SolutionGuid = {A60332BE-0AF5-48C5-8897-473C7645BBD6}
	EndGlobalSection
EndGlobal
